
Microsoft Visual Studio Solution File, Format Version 12.00
# Visual Studio Version 17
VisualStudioVersion = 17.14.36119.2
MinimumVisualStudioVersion = 10.0.40219.1
Project("{FAE04EC0-301F-11D3-BF4B-00C04F79EFBC}") = "ConfProgram", "ConfProgram\ConfProgram.csproj", "{2B92179F-51FE-4F7A-8F42-E47187365E7C}"
EndProject
Global
	GlobalSection(SolutionConfigurationPlatforms) = preSolution
		Debug|Any CPU = Debug|Any CPU
		Release|Any CPU = Release|Any CPU
	EndGlobalSection
	GlobalSection(ProjectConfigurationPlatforms) = postSolution
		{2B92179F-51FE-4F7A-8F42-E47187365E7C}.Debug|Any CPU.ActiveCfg = Debug|Any CPU
		{2B92179F-51FE-4F7A-8F42-E47187365E7C}.Debug|Any CPU.Build.0 = Debug|Any CPU
		{2B92179F-51FE-4F7A-8F42-E47187365E7C}.Release|Any CPU.ActiveCfg = Release|Any CPU
		{2B92179F-51FE-4F7A-8F42-E47187365E7C}.Release|Any CPU.Build.0 = Release|Any CPU
	EndGlobalSection
	GlobalSection(SolutionProperties) = preSolution
		HideSolutionNode = FALSE
	EndGlobalSection
	GlobalSection(ExtensibilityGlobals) = postSolution
		SolutionGuid = {4A33BB82-918D-4801-89A1-D5A7D18BFD95}
	EndGlobalSection
EndGlobal
